PODS:
  - DACircularProgress (2.3.1)
  - MBProgressHUD (0.9.1)
  - MWPhotoBrowser (2.0.1):
    - DACircularProgress (~> 2.3)
    - MBProgressHUD (~> 0.9)
    - SDWebImage (!= 3.7.2, ~> 3.7)
  - SDWebImage (3.7.1):
    - SDWebImage/Core (= 3.7.1)
  - SDWebImage/Core (3.7.1)

DEPENDENCIES:
  - MWPhotoBrowser

SPEC CHECKSUMS:
  DACircularProgress: 4dd437c0fc3da5161cb289e07ac449493d41db71
  MBProgressHUD: c47f2c166c126cf2ce36498d80f33e754d4e93ad
  MWPhotoBrowser: 48930655b7f04d4394abd12a212e8892b8f79a10
  SDWebImage: ed3095af2ff88b436426037444979b917f6c5575

COCOAPODS: 0.37.2
