// !$*UTF8*$!
{
	archiveVersion = 1;
	classes = {
	};
	objectVersion = 46;
	objects = {

/* Begin PBXBuildFile section */
		200694591B27787700573CF9 /* AppDelegate.swift in Sources */ = {isa = PBXBuildFile; fileRef = 200694581B27787700573CF9 /* AppDelegate.swift */; };
		2006945B1B27787700573CF9 /* ViewController.swift in Sources */ = {isa = PBXBuildFile; fileRef = 2006945A1B27787700573CF9 /* ViewController.swift */; };
		2006945E1B27787700573CF9 /* Main.storyboard in Resources */ = {isa = PBXBuildFile; fileRef = 2006945C1B27787700573CF9 /* Main.storyboard */; };
		200694601B27787700573CF9 /* Images.xcassets in Resources */ = {isa = PBXBuildFile; fileRef = 2006945F1B27787700573CF9 /* Images.xcassets */; };
		200694631B27787700573CF9 /* LaunchScreen.xib in Resources */ = {isa = PBXBuildFile; fileRef = 200694611B27787700573CF9 /* LaunchScreen.xib */; };
		2006946F1B27787700573CF9 /* SnapNotesTests.swift in Sources */ = {isa = PBXBuildFile; fileRef = 2006946E1B27787700573CF9 /* SnapNotesTests.swift */; };
		2006947B1B28931F00573CF9 /* settings.json in Resources */ = {isa = PBXBuildFile; fileRef = 2006947A1B28931F00573CF9 /* settings.json */; };
		2006947C1B28931F00573CF9 /* settings.json in Resources */ = {isa = PBXBuildFile; fileRef = 2006947A1B28931F00573CF9 /* settings.json */; };
		2006947E1B28939C00573CF9 /* SwiftyJSON.swift in Sources */ = {isa = PBXBuildFile; fileRef = 2006947D1B28939C00573CF9 /* SwiftyJSON.swift */; };
		2006947F1B28939C00573CF9 /* SwiftyJSON.swift in Sources */ = {isa = PBXBuildFile; fileRef = 2006947D1B28939C00573CF9 /* SwiftyJSON.swift */; };
		200694811B289BAB00573CF9 /* Categories.swift in Sources */ = {isa = PBXBuildFile; fileRef = 200694801B289BAB00573CF9 /* Categories.swift */; };
		200694821B289BAB00573CF9 /* Categories.swift in Sources */ = {isa = PBXBuildFile; fileRef = 200694801B289BAB00573CF9 /* Categories.swift */; };
		200694841B289C8100573CF9 /* SnapNotesManager.swift in Sources */ = {isa = PBXBuildFile; fileRef = 200694831B289C8100573CF9 /* SnapNotesManager.swift */; };
		200694851B289C8100573CF9 /* SnapNotesManager.swift in Sources */ = {isa = PBXBuildFile; fileRef = 200694831B289C8100573CF9 /* SnapNotesManager.swift */; };
		2053E67D1B319BF700E9740C /* Note.swift in Sources */ = {isa = PBXBuildFile; fileRef = 2053E67C1B319BF700E9740C /* Note.swift */; };
		2053E67E1B319BF700E9740C /* Note.swift in Sources */ = {isa = PBXBuildFile; fileRef = 2053E67C1B319BF700E9740C /* Note.swift */; };
		2053E6831B31A58800E9740C /* NSDateExtension.swift in Sources */ = {isa = PBXBuildFile; fileRef = 2053E6821B31A58800E9740C /* NSDateExtension.swift */; };
		2053E6841B31A58800E9740C /* NSDateExtension.swift in Sources */ = {isa = PBXBuildFile; fileRef = 2053E6821B31A58800E9740C /* NSDateExtension.swift */; };
		20DE63BB1B2B0883007AA0D2 /* CategoriesCollectionViewCell.swift in Sources */ = {isa = PBXBuildFile; fileRef = 20DE63BA1B2B0883007AA0D2 /* CategoriesCollectionViewCell.swift */; };
		20DE63BC1B2B0883007AA0D2 /* CategoriesCollectionViewCell.swift in Sources */ = {isa = PBXBuildFile; fileRef = 20DE63BA1B2B0883007AA0D2 /* CategoriesCollectionViewCell.swift */; };
/* End PBXBuildFile section */

/* Begin PBXContainerItemProxy section */
		200694691B27787700573CF9 /* PBXContainerItemProxy */ = {
			isa = PBXContainerItemProxy;
			containerPortal = 2006944B1B27787700573CF9 /* Project object */;
			proxyType = 1;
			remoteGlobalIDString = 200694521B27787700573CF9;
			remoteInfo = SnapNotes;
		};
/* End PBXContainerItemProxy section */

/* Begin PBXFileReference section */
		200694531B27787700573CF9 /* SnapNotes.app */ = {isa = PBXFileReference; explicitFileType = wrapper.application; includeInIndex = 0; path = SnapNotes.app; sourceTree = BUILT_PRODUCTS_DIR; };
		200694571B27787700573CF9 /* Info.plist */ = {isa = PBXFileReference; lastKnownFileType = text.plist.xml; path = Info.plist; sourceTree = "<group>"; };
		200694581B27787700573CF9 /* AppDelegate.swift */ = {isa = PBXFileReference; lastKnownFileType = sourcecode.swift; path = AppDelegate.swift; sourceTree = "<group>"; };
		2006945A1B27787700573CF9 /* ViewController.swift */ = {isa = PBXFileReference; lastKnownFileType = sourcecode.swift; path = ViewController.swift; sourceTree = "<group>"; };
		2006945D1B27787700573CF9 /* Base */ = {isa = PBXFileReference; lastKnownFileType = file.storyboard; name = Base; path = Base.lproj/Main.storyboard; sourceTree = "<group>"; };
		2006945F1B27787700573CF9 /* Images.xcassets */ = {isa = PBXFileReference; lastKnownFileType = folder.assetcatalog; path = Images.xcassets; sourceTree = "<group>"; };
		200694621B27787700573CF9 /* Base */ = {isa = PBXFileReference; lastKnownFileType = file.xib; name = Base; path = Base.lproj/LaunchScreen.xib; sourceTree = "<group>"; };
		200694681B27787700573CF9 /* SnapNotesTests.xctest */ = {isa = PBXFileReference; explicitFileType = wrapper.cfbundle; includeInIndex = 0; path = SnapNotesTests.xctest; sourceTree = BUILT_PRODUCTS_DIR; };
		2006946D1B27787700573CF9 /* Info.plist */ = {isa = PBXFileReference; lastKnownFileType = text.plist.xml; path = Info.plist; sourceTree = "<group>"; };
		2006946E1B27787700573CF9 /* SnapNotesTests.swift */ = {isa = PBXFileReference; lastKnownFileType = sourcecode.swift; path = SnapNotesTests.swift; sourceTree = "<group>"; };
		2006947A1B28931F00573CF9 /* settings.json */ = {isa = PBXFileReference; fileEncoding = 4; lastKnownFileType = text.json; path = settings.json; sourceTree = "<group>"; };
		2006947D1B28939C00573CF9 /* SwiftyJSON.swift */ = {isa = PBXFileReference; fileEncoding = 4; lastKnownFileType = sourcecode.swift; path = SwiftyJSON.swift; sourceTree = "<group>"; };
		200694801B289BAB00573CF9 /* Categories.swift */ = {isa = PBXFileReference; fileEncoding = 4; lastKnownFileType = sourcecode.swift; path = Categories.swift; sourceTree = "<group>"; };
		200694831B289C8100573CF9 /* SnapNotesManager.swift */ = {isa = PBXFileReference; fileEncoding = 4; lastKnownFileType = sourcecode.swift; path = SnapNotesManager.swift; sourceTree = "<group>"; };
		2053E67C1B319BF700E9740C /* Note.swift */ = {isa = PBXFileReference; fileEncoding = 4; lastKnownFileType = sourcecode.swift; path = Note.swift; sourceTree = "<group>"; };
		2053E6821B31A58800E9740C /* NSDateExtension.swift */ = {isa = PBXFileReference; fileEncoding = 4; lastKnownFileType = sourcecode.swift; path = NSDateExtension.swift; sourceTree = "<group>"; };
		20DE63BA1B2B0883007AA0D2 /* CategoriesCollectionViewCell.swift */ = {isa = PBXFileReference; fileEncoding = 4; lastKnownFileType = sourcecode.swift; path = CategoriesCollectionViewCell.swift; sourceTree = "<group>"; };
/* End PBXFileReference section */

/* Begin PBXFrameworksBuildPhase section */
		200694501B27787700573CF9 /* Frameworks */ = {
			isa = PBXFrameworksBuildPhase;
			buildActionMask = 2147483647;
			files = (
			);
			runOnlyForDeploymentPostprocessing = 0;
		};
		200694651B27787700573CF9 /* Frameworks */ = {
			isa = PBXFrameworksBuildPhase;
			buildActionMask = 2147483647;
			files = (
			);
			runOnlyForDeploymentPostprocessing = 0;
		};
/* End PBXFrameworksBuildPhase section */

/* Begin PBXGroup section */
		2006944A1B27787700573CF9 = {
			isa = PBXGroup;
			children = (
				200694551B27787700573CF9 /* SnapNotes */,
				2006946B1B27787700573CF9 /* SnapNotesTests */,
				200694541B27787700573CF9 /* Products */,
			);
			sourceTree = "<group>";
		};
		200694541B27787700573CF9 /* Products */ = {
			isa = PBXGroup;
			children = (
				200694531B27787700573CF9 /* SnapNotes.app */,
				200694681B27787700573CF9 /* SnapNotesTests.xctest */,
			);
			name = Products;
			sourceTree = "<group>";
		};
		200694551B27787700573CF9 /* SnapNotes */ = {
			isa = PBXGroup;
			children = (
				2053E6821B31A58800E9740C /* NSDateExtension.swift */,
				20DE63BA1B2B0883007AA0D2 /* CategoriesCollectionViewCell.swift */,
				2006947D1B28939C00573CF9 /* SwiftyJSON.swift */,
				200694581B27787700573CF9 /* AppDelegate.swift */,
				2006945A1B27787700573CF9 /* ViewController.swift */,
				2006945C1B27787700573CF9 /* Main.storyboard */,
				2006945F1B27787700573CF9 /* Images.xcassets */,
				200694611B27787700573CF9 /* LaunchScreen.xib */,
				200694561B27787700573CF9 /* Supporting Files */,
				200694801B289BAB00573CF9 /* Categories.swift */,
				200694831B289C8100573CF9 /* SnapNotesManager.swift */,
				2053E67C1B319BF700E9740C /* Note.swift */,
			);
			path = SnapNotes;
			sourceTree = "<group>";
		};
		200694561B27787700573CF9 /* Supporting Files */ = {
			isa = PBXGroup;
			children = (
				200694571B27787700573CF9 /* Info.plist */,
				2006947A1B28931F00573CF9 /* settings.json */,
			);
			name = "Supporting Files";
			sourceTree = "<group>";
		};
		2006946B1B27787700573CF9 /* SnapNotesTests */ = {
			isa = PBXGroup;
			children = (
				2006946E1B27787700573CF9 /* SnapNotesTests.swift */,
				2006946C1B27787700573CF9 /* Supporting Files */,
			);
			path = SnapNotesTests;
			sourceTree = "<group>";
		};
		2006946C1B27787700573CF9 /* Supporting Files */ = {
			isa = PBXGroup;
			children = (
				2006946D1B27787700573CF9 /* Info.plist */,
			);
			name = "Supporting Files";
			sourceTree = "<group>";
		};
/* End PBXGroup section */

/* Begin PBXNativeTarget section */
		200694521B27787700573CF9 /* SnapNotes */ = {
			isa = PBXNativeTarget;
			buildConfigurationList = 200694721B27787700573CF9 /* Build configuration list for PBXNativeTarget "SnapNotes" */;
			buildPhases = (
				2006944F1B27787700573CF9 /* Sources */,
				200694501B27787700573CF9 /* Frameworks */,
				200694511B27787700573CF9 /* Resources */,
			);
			buildRules = (
			);
			dependencies = (
			);
			name = SnapNotes;
			productName = SnapNotes;
			productReference = 200694531B27787700573CF9 /* SnapNotes.app */;
			productType = "com.apple.product-type.application";
		};
		200694671B27787700573CF9 /* SnapNotesTests */ = {
			isa = PBXNativeTarget;
			buildConfigurationList = 200694751B27787700573CF9 /* Build configuration list for PBXNativeTarget "SnapNotesTests" */;
			buildPhases = (
				200694641B27787700573CF9 /* Sources */,
				200694651B27787700573CF9 /* Frameworks */,
				200694661B27787700573CF9 /* Resources */,
			);
			buildRules = (
			);
			dependencies = (
				2006946A1B27787700573CF9 /* PBXTargetDependency */,
			);
			name = SnapNotesTests;
			productName = SnapNotesTests;
			productReference = 200694681B27787700573CF9 /* SnapNotesTests.xctest */;
			productType = "com.apple.product-type.bundle.unit-test";
		};
/* End PBXNativeTarget section */

/* Begin PBXProject section */
		2006944B1B27787700573CF9 /* Project object */ = {
			isa = PBXProject;
			attributes = {
				LastUpgradeCheck = 0630;
				ORGANIZATIONNAME = motjuste;
				TargetAttributes = {
					200694521B27787700573CF9 = {
						CreatedOnToolsVersion = 6.3.2;
						DevelopmentTeam = W88773838E;
					};
					200694671B27787700573CF9 = {
						CreatedOnToolsVersion = 6.3.2;
						TestTargetID = 200694521B27787700573CF9;
					};
				};
			};
			buildConfigurationList = 2006944E1B27787700573CF9 /* Build configuration list for PBXProject "SnapNotes" */;
			compatibilityVersion = "Xcode 3.2";
			developmentRegion = English;
			hasScannedForEncodings = 0;
			knownRegions = (
				en,
				Base,
			);
			mainGroup = 2006944A1B27787700573CF9;
			productRefGroup = 200694541B27787700573CF9 /* Products */;
			projectDirPath = "";
			projectRoot = "";
			targets = (
				200694521B27787700573CF9 /* SnapNotes */,
				200694671B27787700573CF9 /* SnapNotesTests */,
			);
		};
/* End PBXProject section */

/* Begin PBXResourcesBuildPhase section */
		200694511B27787700573CF9 /* Resources */ = {
			isa = PBXResourcesBuildPhase;
			buildActionMask = 2147483647;
			files = (
				2006945E1B27787700573CF9 /* Main.storyboard in Resources */,
				200694631B27787700573CF9 /* LaunchScreen.xib in Resources */,
				2006947B1B28931F00573CF9 /* settings.json in Resources */,
				200694601B27787700573CF9 /* Images.xcassets in Resources */,
			);
			runOnlyForDeploymentPostprocessing = 0;
		};
		200694661B27787700573CF9 /* Resources */ = {
			isa = PBXResourcesBuildPhase;
			buildActionMask = 2147483647;
			files = (
				2006947C1B28931F00573CF9 /* settings.json in Resources */,
			);
			runOnlyForDeploymentPostprocessing = 0;
		};
/* End PBXResourcesBuildPhase section */

/* Begin PBXSourcesBuildPhase section */
		2006944F1B27787700573CF9 /* Sources */ = {
			isa = PBXSourcesBuildPhase;
			buildActionMask = 2147483647;
			files = (
				20DE63BB1B2B0883007AA0D2 /* CategoriesCollectionViewCell.swift in Sources */,
				2006947E1B28939C00573CF9 /* SwiftyJSON.swift in Sources */,
				2053E67D1B319BF700E9740C /* Note.swift in Sources */,
				200694841B289C8100573CF9 /* SnapNotesManager.swift in Sources */,
				2053E6831B31A58800E9740C /* NSDateExtension.swift in Sources */,
				200694811B289BAB00573CF9 /* Categories.swift in Sources */,
				2006945B1B27787700573CF9 /* ViewController.swift in Sources */,
				200694591B27787700573CF9 /* AppDelegate.swift in Sources */,
			);
			runOnlyForDeploymentPostprocessing = 0;
		};
		200694641B27787700573CF9 /* Sources */ = {
			isa = PBXSourcesBuildPhase;
			buildActionMask = 2147483647;
			files = (
				2006946F1B27787700573CF9 /* SnapNotesTests.swift in Sources */,
				2006947F1B28939C00573CF9 /* SwiftyJSON.swift in Sources */,
				2053E6841B31A58800E9740C /* NSDateExtension.swift in Sources */,
				200694821B289BAB00573CF9 /* Categories.swift in Sources */,
				200694851B289C8100573CF9 /* SnapNotesManager.swift in Sources */,
				20DE63BC1B2B0883007AA0D2 /* CategoriesCollectionViewCell.swift in Sources */,
				2053E67E1B319BF700E9740C /* Note.swift in Sources */,
			);
			runOnlyForDeploymentPostprocessing = 0;
		};
/* End PBXSourcesBuildPhase section */

/* Begin PBXTargetDependency section */
		2006946A1B27787700573CF9 /* PBXTargetDependency */ = {
			isa = PBXTargetDependency;
			target = 200694521B27787700573CF9 /* SnapNotes */;
			targetProxy = 200694691B27787700573CF9 /* PBXContainerItemProxy */;
		};
/* End PBXTargetDependency section */

/* Begin PBXVariantGroup section */
		2006945C1B27787700573CF9 /* Main.storyboard */ = {
			isa = PBXVariantGroup;
			children = (
				2006945D1B27787700573CF9 /* Base */,
			);
			name = Main.storyboard;
			sourceTree = "<group>";
		};
		200694611B27787700573CF9 /* LaunchScreen.xib */ = {
			isa = PBXVariantGroup;
			children = (
				200694621B27787700573CF9 /* Base */,
			);
			name = LaunchScreen.xib;
			sourceTree = "<group>";
		};
/* End PBXVariantGroup section */

/* Begin XCBuildConfiguration section */
		200694701B27787700573CF9 /* Debug */ = {
			isa = XCBuildConfiguration;
			buildSettings = {
				ALWAYS_SEARCH_USER_PATHS = NO;
				CLANG_CXX_LANGUAGE_STANDARD = "gnu++0x";
				CLANG_CXX_LIBRARY = "libc++";
				CLANG_ENABLE_MODULES = YES;
				CLANG_ENABLE_OBJC_ARC = YES;
				CLANG_WARN_BOOL_CONVERSION = YES;
				CLANG_WARN_CONSTANT_CONVERSION = YES;
				CLANG_WARN_DIRECT_OBJC_ISA_USAGE = YES_ERROR;
				CLANG_WARN_EMPTY_BODY = YES;
				CLANG_WARN_ENUM_CONVERSION = YES;
				CLANG_WARN_INT_CONVERSION = YES;
				CLANG_WARN_OBJC_ROOT_CLASS = YES_ERROR;
				CLANG_WARN_UNREACHABLE_CODE = YES;
				CLANG_WARN__DUPLICATE_METHOD_MATCH = YES;
				"CODE_SIGN_IDENTITY[sdk=iphoneos*]" = "iPhone Developer";
				COPY_PHASE_STRIP = NO;
				DEBUG_INFORMATION_FORMAT = "dwarf-with-dsym";
				ENABLE_STRICT_OBJC_MSGSEND = YES;
				GCC_C_LANGUAGE_STANDARD = gnu99;
				GCC_DYNAMIC_NO_PIC = NO;
				GCC_NO_COMMON_BLOCKS = YES;
				GCC_OPTIMIZATION_LEVEL = 0;
				GCC_PREPROCESSOR_DEFINITIONS = (
					"DEBUG=1",
					"$(inherited)",
				);
				GCC_SYMBOLS_PRIVATE_EXTERN = NO;
				GCC_WARN_64_TO_32_BIT_CONVERSION = YES;
				GCC_WARN_ABOUT_RETURN_TYPE = YES_ERROR;
				GCC_WARN_UNDECLARED_SELECTOR = YES;
				GCC_WARN_UNINITIALIZED_AUTOS = YES_AGGRESSIVE;
				GCC_WARN_UNUSED_FUNCTION = YES;
				GCC_WARN_UNUSED_VARIABLE = YES;
				IPHONEOS_DEPLOYMENT_TARGET = 8.3;
				MTL_ENABLE_DEBUG_INFO = YES;
				ONLY_ACTIVE_ARCH = YES;
				SDKROOT = iphoneos;
				SWIFT_OPTIMIZATION_LEVEL = "-Onone";
				TARGETED_DEVICE_FAMILY = "1,2";
			};
			name = Debug;
		};
		200694711B27787700573CF9 /* Release */ = {
			isa = XCBuildConfiguration;
			buildSettings = {
				ALWAYS_SEARCH_USER_PATHS = NO;
				CLANG_CXX_LANGUAGE_STANDARD = "gnu++0x";
				CLANG_CXX_LIBRARY = "libc++";
				CLANG_ENABLE_MODULES = YES;
				CLANG_ENABLE_OBJC_ARC = YES;
				CLANG_WARN_BOOL_CONVERSION = YES;
				CLANG_WARN_CONSTANT_CONVERSION = YES;
				CLANG_WARN_DIRECT_OBJC_ISA_USAGE = YES_ERROR;
				CLANG_WARN_EMPTY_BODY = YES;
				CLANG_WARN_ENUM_CONVERSION = YES;
				CLANG_WARN_INT_CONVERSION = YES;
				CLANG_WARN_OBJC_ROOT_CLASS = YES_ERROR;
				CLANG_WARN_UNREACHABLE_CODE = YES;
				CLANG_WARN__DUPLICATE_METHOD_MATCH = YES;
				"CODE_SIGN_IDENTITY[sdk=iphoneos*]" = "iPhone Developer";
				COPY_PHASE_STRIP = NO;
				DEBUG_INFORMATION_FORMAT = "dwarf-with-dsym";
				ENABLE_NS_ASSERTIONS = NO;
				ENABLE_STRICT_OBJC_MSGSEND = YES;
				GCC_C_LANGUAGE_STANDARD = gnu99;
				GCC_NO_COMMON_BLOCKS = YES;
				GCC_WARN_64_TO_32_BIT_CONVERSION = YES;
				GCC_WARN_ABOUT_RETURN_TYPE = YES_ERROR;
				GCC_WARN_UNDECLARED_SELECTOR = YES;
				GCC_WARN_UNINITIALIZED_AUTOS = YES_AGGRESSIVE;
				GCC_WARN_UNUSED_FUNCTION = YES;
				GCC_WARN_UNUSED_VARIABLE = YES;
				IPHONEOS_DEPLOYMENT_TARGET = 8.3;
				MTL_ENABLE_DEBUG_INFO = NO;
				SDKROOT = iphoneos;
				TARGETED_DEVICE_FAMILY = "1,2";
				VALIDATE_PRODUCT = YES;
			};
			name = Release;
		};
		200694731B27787700573CF9 /* Debug */ = {
			isa = XCBuildConfiguration;
			buildSettings = {
				ASSETCATALOG_COMPILER_APPICON_NAME = AppIcon;
				CODE_SIGN_IDENTITY = "iPhone Developer";
				"CODE_SIGN_IDENTITY[sdk=iphoneos*]" = "iPhone Developer";
				INFOPLIST_FILE = SnapNotes/Info.plist;
				LD_RUNPATH_SEARCH_PATHS = "$(inherited) @executable_path/Frameworks";
				PRODUCT_NAME = "$(TARGET_NAME)";
				PROVISIONING_PROFILE = "";
				TARGETED_DEVICE_FAMILY = 1;
			};
			name = Debug;
		};
		200694741B27787700573CF9 /* Release */ = {
			isa = XCBuildConfiguration;
			buildSettings = {
				ASSETCATALOG_COMPILER_APPICON_NAME = AppIcon;
				CODE_SIGN_IDENTITY = "iPhone Developer";
				"CODE_SIGN_IDENTITY[sdk=iphoneos*]" = "iPhone Developer";
				INFOPLIST_FILE = SnapNotes/Info.plist;
				LD_RUNPATH_SEARCH_PATHS = "$(inherited) @executable_path/Frameworks";
				PRODUCT_NAME = "$(TARGET_NAME)";
				PROVISIONING_PROFILE = "";
				TARGETED_DEVICE_FAMILY = 1;
			};
			name = Release;
		};
		200694761B27787700573CF9 /* Debug */ = {
			isa = XCBuildConfiguration;
			buildSettings = {
				BUNDLE_LOADER = "$(TEST_HOST)";
				FRAMEWORK_SEARCH_PATHS = (
					"$(SDKROOT)/Developer/Library/Frameworks",
					"$(inherited)",
				);
				GCC_PREPROCESSOR_DEFINITIONS = (
					"DEBUG=1",
					"$(inherited)",
				);
				INFOPLIST_FILE = SnapNotesTests/Info.plist;
				LD_RUNPATH_SEARCH_PATHS = "$(inherited) @executable_path/Frameworks @loader_path/Frameworks";
				PRODUCT_NAME = "$(TARGET_NAME)";
				TEST_HOST = "$(BUILT_PRODUCTS_DIR)/SnapNotes.app/SnapNotes";
			};
			name = Debug;
		};
		200694771B27787700573CF9 /* Release */ = {
			isa = XCBuildConfiguration;
			buildSettings = {
				BUNDLE_LOADER = "$(TEST_HOST)";
				FRAMEWORK_SEARCH_PATHS = (
					"$(SDKROOT)/Developer/Library/Frameworks",
					"$(inherited)",
				);
				INFOPLIST_FILE = SnapNotesTests/Info.plist;
				LD_RUNPATH_SEARCH_PATHS = "$(inherited) @executable_path/Frameworks @loader_path/Frameworks";
				PRODUCT_NAME = "$(TARGET_NAME)";
				TEST_HOST = "$(BUILT_PRODUCTS_DIR)/SnapNotes.app/SnapNotes";
			};
			name = Release;
		};
/* End XCBuildConfiguration section */

/* Begin XCConfigurationList section */
		2006944E1B27787700573CF9 /* Build configuration list for PBXProject "SnapNotes" */ = {
			isa = XCConfigurationList;
			buildConfigurations = (
				200694701B27787700573CF9 /* Debug */,
				200694711B27787700573CF9 /* Release */,
			);
			defaultConfigurationIsVisible = 0;
			defaultConfigurationName = Release;
		};
		200694721B27787700573CF9 /* Build configuration list for PBXNativeTarget "SnapNotes" */ = {
			isa = XCConfigurationList;
			buildConfigurations = (
				200694731B27787700573CF9 /* Debug */,
				200694741B27787700573CF9 /* Release */,
			);
			defaultConfigurationIsVisible = 0;
			defaultConfigurationName = Release;
		};
		200694751B27787700573CF9 /* Build configuration list for PBXNativeTarget "SnapNotesTests" */ = {
			isa = XCConfigurationList;
			buildConfigurations = (
				200694761B27787700573CF9 /* Debug */,
				200694771B27787700573CF9 /* Release */,
			);
			defaultConfigurationIsVisible = 0;
			defaultConfigurationName = Release;
		};
/* End XCConfigurationList section */
	};
	rootObject = 2006944B1B27787700573CF9 /* Project object */;
}
