// !$*UTF8*$!
{
	archiveVersion = 1;
	classes = {
	};
	objectVersion = 46;
	objects = {

/* Begin PBXBuildFile section */
		112952134F14F4DE9D045AED /* libPods-SnapNotes.a in Frameworks */ = {isa = PBXBuildFile; fileRef = 2AF94E50053CA25B2B214782 /* libPods-SnapNotes.a */; };
		200694591B27787700573CF9 /* AppDelegate.swift in Sources */ = {isa = PBXBuildFile; fileRef = 200694581B27787700573CF9 /* AppDelegate.swift */; };
		2006945E1B27787700573CF9 /* Main.storyboard in Resources */ = {isa = PBXBuildFile; fileRef = 2006945C1B27787700573CF9 /* Main.storyboard */; };
		200694601B27787700573CF9 /* Images.xcassets in Resources */ = {isa = PBXBuildFile; fileRef = 2006945F1B27787700573CF9 /* Images.xcassets */; };
		200694631B27787700573CF9 /* LaunchScreen.xib in Resources */ = {isa = PBXBuildFile; fileRef = 200694611B27787700573CF9 /* LaunchScreen.xib */; };
		2006946F1B27787700573CF9 /* SnapNotesTests.swift in Sources */ = {isa = PBXBuildFile; fileRef = 2006946E1B27787700573CF9 /* SnapNotesTests.swift */; };
		2006947B1B28931F00573CF9 /* settings.json in Resources */ = {isa = PBXBuildFile; fileRef = 2006947A1B28931F00573CF9 /* settings.json */; };
		2006947C1B28931F00573CF9 /* settings.json in Resources */ = {isa = PBXBuildFile; fileRef = 2006947A1B28931F00573CF9 /* settings.json */; };
		2006947E1B28939C00573CF9 /* SwiftyJSON.swift in Sources */ = {isa = PBXBuildFile; fileRef = 2006947D1B28939C00573CF9 /* SwiftyJSON.swift */; };
		2006947F1B28939C00573CF9 /* SwiftyJSON.swift in Sources */ = {isa = PBXBuildFile; fileRef = 2006947D1B28939C00573CF9 /* SwiftyJSON.swift */; };
		200694841B289C8100573CF9 /* SnapNotesManager.swift in Sources */ = {isa = PBXBuildFile; fileRef = 200694831B289C8100573CF9 /* SnapNotesManager.swift */; };
		200694851B289C8100573CF9 /* SnapNotesManager.swift in Sources */ = {isa = PBXBuildFile; fileRef = 200694831B289C8100573CF9 /* SnapNotesManager.swift */; };
		20173CA71B41FA1200E9348A /* MainViewController.swift in Sources */ = {isa = PBXBuildFile; fileRef = 20173CA61B41FA1200E9348A /* MainViewController.swift */; };
		20173CA91B41FAC500E9348A /* CameraViewController.swift in Sources */ = {isa = PBXBuildFile; fileRef = 20173CA81B41FAC500E9348A /* CameraViewController.swift */; };
		20173CAB1B42057200E9348A /* CategoryNamesCollectionViewController.swift in Sources */ = {isa = PBXBuildFile; fileRef = 20173CAA1B42057200E9348A /* CategoryNamesCollectionViewController.swift */; };
		20173CAD1B4205EB00E9348A /* CategoryNameCollectionViewCell.swift in Sources */ = {isa = PBXBuildFile; fileRef = 20173CAC1B4205EB00E9348A /* CategoryNameCollectionViewCell.swift */; };
		20314F371B3B65DD00875271 /* AVFoundation.framework in Frameworks */ = {isa = PBXBuildFile; fileRef = 20314F361B3B65DD00875271 /* AVFoundation.framework */; };
		20EF56F01B4616ED000CBE0C /* SettingsTableViewController.swift in Sources */ = {isa = PBXBuildFile; fileRef = 20EF56EF1B4616ED000CBE0C /* SettingsTableViewController.swift */; };
		4026F1E0FA9BD27401FC357B /* libPods-SnapNotesTests.a in Frameworks */ = {isa = PBXBuildFile; fileRef = 632F0C189A967CFBF05D4E3B /* libPods-SnapNotesTests.a */; };
/* End PBXBuildFile section */

/* Begin PBXContainerItemProxy section */
		200694691B27787700573CF9 /* PBXContainerItemProxy */ = {
			isa = PBXContainerItemProxy;
			containerPortal = 2006944B1B27787700573CF9 /* Project object */;
			proxyType = 1;
			remoteGlobalIDString = 200694521B27787700573CF9;
			remoteInfo = SnapNotes;
		};
/* End PBXContainerItemProxy section */

/* Begin PBXFileReference section */
		04B90E2A73D7C4E002FD2531 /* Pods-SnapNotes.debug.xcconfig */ = {isa = PBXFileReference; includeInIndex = 1; lastKnownFileType = text.xcconfig; name = "Pods-SnapNotes.debug.xcconfig"; path = "Pods/Target Support Files/Pods-SnapNotes/Pods-SnapNotes.debug.xcconfig"; sourceTree = "<group>"; };
		200694531B27787700573CF9 /* SnapNotes.app */ = {isa = PBXFileReference; explicitFileType = wrapper.application; includeInIndex = 0; path = SnapNotes.app; sourceTree = BUILT_PRODUCTS_DIR; };
		200694571B27787700573CF9 /* Info.plist */ = {isa = PBXFileReference; lastKnownFileType = text.plist.xml; path = Info.plist; sourceTree = "<group>"; };
		200694581B27787700573CF9 /* AppDelegate.swift */ = {isa = PBXFileReference; lastKnownFileType = sourcecode.swift; path = AppDelegate.swift; sourceTree = "<group>"; };
		2006945D1B27787700573CF9 /* Base */ = {isa = PBXFileReference; lastKnownFileType = file.storyboard; name = Base; path = Base.lproj/Main.storyboard; sourceTree = "<group>"; };
		2006945F1B27787700573CF9 /* Images.xcassets */ = {isa = PBXFileReference; lastKnownFileType = folder.assetcatalog; path = Images.xcassets; sourceTree = "<group>"; };
		200694621B27787700573CF9 /* Base */ = {isa = PBXFileReference; lastKnownFileType = file.xib; name = Base; path = Base.lproj/LaunchScreen.xib; sourceTree = "<group>"; };
		200694681B27787700573CF9 /* SnapNotesTests.xctest */ = {isa = PBXFileReference; explicitFileType = wrapper.cfbundle; includeInIndex = 0; path = SnapNotesTests.xctest; sourceTree = BUILT_PRODUCTS_DIR; };
		2006946D1B27787700573CF9 /* Info.plist */ = {isa = PBXFileReference; lastKnownFileType = text.plist.xml; path = Info.plist; sourceTree = "<group>"; };
		2006946E1B27787700573CF9 /* SnapNotesTests.swift */ = {isa = PBXFileReference; lastKnownFileType = sourcecode.swift; path = SnapNotesTests.swift; sourceTree = "<group>"; };
		2006947A1B28931F00573CF9 /* settings.json */ = {isa = PBXFileReference; fileEncoding = 4; lastKnownFileType = text.json; path = settings.json; sourceTree = "<group>"; };
		2006947D1B28939C00573CF9 /* SwiftyJSON.swift */ = {isa = PBXFileReference; fileEncoding = 4; lastKnownFileType = sourcecode.swift; path = SwiftyJSON.swift; sourceTree = "<group>"; };
		200694831B289C8100573CF9 /* SnapNotesManager.swift */ = {isa = PBXFileReference; fileEncoding = 4; lastKnownFileType = sourcecode.swift; path = SnapNotesManager.swift; sourceTree = "<group>"; };
		20173CA61B41FA1200E9348A /* MainViewController.swift */ = {isa = PBXFileReference; fileEncoding = 4; lastKnownFileType = sourcecode.swift; path = MainViewController.swift; sourceTree = "<group>"; };
		20173CA81B41FAC500E9348A /* CameraViewController.swift */ = {isa = PBXFileReference; fileEncoding = 4; lastKnownFileType = sourcecode.swift; path = CameraViewController.swift; sourceTree = "<group>"; };
		20173CAA1B42057200E9348A /* CategoryNamesCollectionViewController.swift */ = {isa = PBXFileReference; fileEncoding = 4; lastKnownFileType = sourcecode.swift; path = CategoryNamesCollectionViewController.swift; sourceTree = "<group>"; };
		20173CAC1B4205EB00E9348A /* CategoryNameCollectionViewCell.swift */ = {isa = PBXFileReference; fileEncoding = 4; lastKnownFileType = sourcecode.swift; path = CategoryNameCollectionViewCell.swift; sourceTree = "<group>"; };
		20314F361B3B65DD00875271 /* AVFoundation.framework */ = {isa = PBXFileReference; lastKnownFileType = wrapper.framework; name = AVFoundation.framework; path = System/Library/Frameworks/AVFoundation.framework; sourceTree = SDKROOT; };
		204A3E151B4C8C1E00359EB5 /* SnapNotes-Bridging-Header.h */ = {isa = PBXFileReference; lastKnownFileType = sourcecode.c.h; path = "SnapNotes-Bridging-Header.h"; sourceTree = "<group>"; };
		20EF56EF1B4616ED000CBE0C /* SettingsTableViewController.swift */ = {isa = PBXFileReference; fileEncoding = 4; lastKnownFileType = sourcecode.swift; path = SettingsTableViewController.swift; sourceTree = "<group>"; };
		2AF94E50053CA25B2B214782 /* libPods-SnapNotes.a */ = {isa = PBXFileReference; explicitFileType = archive.ar; includeInIndex = 0; path = "libPods-SnapNotes.a"; sourceTree = BUILT_PRODUCTS_DIR; };
		632F0C189A967CFBF05D4E3B /* libPods-SnapNotesTests.a */ = {isa = PBXFileReference; explicitFileType = archive.ar; includeInIndex = 0; path = "libPods-SnapNotesTests.a"; sourceTree = BUILT_PRODUCTS_DIR; };
		75D5499CA7266A973FA624C6 /* Pods-SnapNotesTests.debug.xcconfig */ = {isa = PBXFileReference; includeInIndex = 1; lastKnownFileType = text.xcconfig; name = "Pods-SnapNotesTests.debug.xcconfig"; path = "Pods/Target Support Files/Pods-SnapNotesTests/Pods-SnapNotesTests.debug.xcconfig"; sourceTree = "<group>"; };
		ABEE7851CE70B3444F91FFFD /* Pods-SnapNotes.release.xcconfig */ = {isa = PBXFileReference; includeInIndex = 1; lastKnownFileType = text.xcconfig; name = "Pods-SnapNotes.release.xcconfig"; path = "Pods/Target Support Files/Pods-SnapNotes/Pods-SnapNotes.release.xcconfig"; sourceTree = "<group>"; };
		B76E5E4FD057D5BAD4C09336 /* Pods-SnapNotesTests.release.xcconfig */ = {isa = PBXFileReference; includeInIndex = 1; lastKnownFileType = text.xcconfig; name = "Pods-SnapNotesTests.release.xcconfig"; path = "Pods/Target Support Files/Pods-SnapNotesTests/Pods-SnapNotesTests.release.xcconfig"; sourceTree = "<group>"; };
/* End PBXFileReference section */

/* Begin PBXFrameworksBuildPhase section */
		200694501B27787700573CF9 /* Frameworks */ = {
			isa = PBXFrameworksBuildPhase;
			buildActionMask = 2147483647;
			files = (
				20314F371B3B65DD00875271 /* AVFoundation.framework in Frameworks */,
				112952134F14F4DE9D045AED /* libPods-SnapNotes.a in Frameworks */,
			);
			runOnlyForDeploymentPostprocessing = 0;
		};
		200694651B27787700573CF9 /* Frameworks */ = {
			isa = PBXFrameworksBuildPhase;
			buildActionMask = 2147483647;
			files = (
				4026F1E0FA9BD27401FC357B /* libPods-SnapNotesTests.a in Frameworks */,
			);
			runOnlyForDeploymentPostprocessing = 0;
		};
/* End PBXFrameworksBuildPhase section */

/* Begin PBXGroup section */
		2006944A1B27787700573CF9 = {
			isa = PBXGroup;
			children = (
				20314F361B3B65DD00875271 /* AVFoundation.framework */,
				200694551B27787700573CF9 /* SnapNotes */,
				2006946B1B27787700573CF9 /* SnapNotesTests */,
				200694541B27787700573CF9 /* Products */,
				FBE73F11CC5B03C53AF20B45 /* Pods */,
				3FCC471BBF2EAC7600CC32EC /* Frameworks */,
			);
			sourceTree = "<group>";
		};
		200694541B27787700573CF9 /* Products */ = {
			isa = PBXGroup;
			children = (
				200694531B27787700573CF9 /* SnapNotes.app */,
				200694681B27787700573CF9 /* SnapNotesTests.xctest */,
			);
			name = Products;
			sourceTree = "<group>";
		};
		200694551B27787700573CF9 /* SnapNotes */ = {
			isa = PBXGroup;
			children = (
				20173CA11B41F9BF00E9348A /* SnapView */,
				20EF56EE1B45FE3E000CBE0C /* Utilities */,
				200694581B27787700573CF9 /* AppDelegate.swift */,
				2006945C1B27787700573CF9 /* Main.storyboard */,
				2006945F1B27787700573CF9 /* Images.xcassets */,
				200694611B27787700573CF9 /* LaunchScreen.xib */,
				200694561B27787700573CF9 /* Supporting Files */,
				200694831B289C8100573CF9 /* SnapNotesManager.swift */,
				204A3E151B4C8C1E00359EB5 /* SnapNotes-Bridging-Header.h */,
			);
			path = SnapNotes;
			sourceTree = "<group>";
		};
		200694561B27787700573CF9 /* Supporting Files */ = {
			isa = PBXGroup;
			children = (
				200694571B27787700573CF9 /* Info.plist */,
				2006947A1B28931F00573CF9 /* settings.json */,
			);
			name = "Supporting Files";
			sourceTree = "<group>";
		};
		2006946B1B27787700573CF9 /* SnapNotesTests */ = {
			isa = PBXGroup;
			children = (
				2006946E1B27787700573CF9 /* SnapNotesTests.swift */,
				2006946C1B27787700573CF9 /* Supporting Files */,
			);
			path = SnapNotesTests;
			sourceTree = "<group>";
		};
		2006946C1B27787700573CF9 /* Supporting Files */ = {
			isa = PBXGroup;
			children = (
				2006946D1B27787700573CF9 /* Info.plist */,
			);
			name = "Supporting Files";
			sourceTree = "<group>";
		};
		20173CA11B41F9BF00E9348A /* SnapView */ = {
			isa = PBXGroup;
			children = (
				20EF56EF1B4616ED000CBE0C /* SettingsTableViewController.swift */,
				20173CA61B41FA1200E9348A /* MainViewController.swift */,
				20173CA81B41FAC500E9348A /* CameraViewController.swift */,
				20173CAA1B42057200E9348A /* CategoryNamesCollectionViewController.swift */,
				20173CAC1B4205EB00E9348A /* CategoryNameCollectionViewCell.swift */,
			);
			name = SnapView;
			sourceTree = "<group>";
		};
		20EF56EE1B45FE3E000CBE0C /* Utilities */ = {
			isa = PBXGroup;
			children = (
				2006947D1B28939C00573CF9 /* SwiftyJSON.swift */,
			);
			name = Utilities;
			sourceTree = "<group>";
		};
		3FCC471BBF2EAC7600CC32EC /* Frameworks */ = {
			isa = PBXGroup;
			children = (
				2AF94E50053CA25B2B214782 /* libPods-SnapNotes.a */,
				632F0C189A967CFBF05D4E3B /* libPods-SnapNotesTests.a */,
			);
			name = Frameworks;
			sourceTree = "<group>";
		};
		FBE73F11CC5B03C53AF20B45 /* Pods */ = {
			isa = PBXGroup;
			children = (
				04B90E2A73D7C4E002FD2531 /* Pods-SnapNotes.debug.xcconfig */,
				ABEE7851CE70B3444F91FFFD /* Pods-SnapNotes.release.xcconfig */,
				75D5499CA7266A973FA624C6 /* Pods-SnapNotesTests.debug.xcconfig */,
				B76E5E4FD057D5BAD4C09336 /* Pods-SnapNotesTests.release.xcconfig */,
			);
			name = Pods;
			sourceTree = "<group>";
		};
/* End PBXGroup section */

/* Begin PBXNativeTarget section */
		200694521B27787700573CF9 /* SnapNotes */ = {
			isa = PBXNativeTarget;
			buildConfigurationList = 200694721B27787700573CF9 /* Build configuration list for PBXNativeTarget "SnapNotes" */;
			buildPhases = (
				9FA86FC27460266BA060C07D /* Check Pods Manifest.lock */,
				2006944F1B27787700573CF9 /* Sources */,
				200694501B27787700573CF9 /* Frameworks */,
				200694511B27787700573CF9 /* Resources */,
				E383CCBF0FE91CBB5D0FE246 /* Copy Pods Resources */,
			);
			buildRules = (
			);
			dependencies = (
			);
			name = SnapNotes;
			productName = SnapNotes;
			productReference = 200694531B27787700573CF9 /* SnapNotes.app */;
			productType = "com.apple.product-type.application";
		};
		200694671B27787700573CF9 /* SnapNotesTests */ = {
			isa = PBXNativeTarget;
			buildConfigurationList = 200694751B27787700573CF9 /* Build configuration list for PBXNativeTarget "SnapNotesTests" */;
			buildPhases = (
				D6198B5EA334495136BE9FD4 /* Check Pods Manifest.lock */,
				200694641B27787700573CF9 /* Sources */,
				200694651B27787700573CF9 /* Frameworks */,
				200694661B27787700573CF9 /* Resources */,
				09D592960526B4727EB966F8 /* Copy Pods Resources */,
			);
			buildRules = (
			);
			dependencies = (
				2006946A1B27787700573CF9 /* PBXTargetDependency */,
			);
			name = SnapNotesTests;
			productName = SnapNotesTests;
			productReference = 200694681B27787700573CF9 /* SnapNotesTests.xctest */;
			productType = "com.apple.product-type.bundle.unit-test";
		};
/* End PBXNativeTarget section */

/* Begin PBXProject section */
		2006944B1B27787700573CF9 /* Project object */ = {
			isa = PBXProject;
			attributes = {
				LastUpgradeCheck = 0630;
				ORGANIZATIONNAME = motjuste;
				TargetAttributes = {
					200694521B27787700573CF9 = {
						CreatedOnToolsVersion = 6.3.2;
						DevelopmentTeam = W88773838E;
					};
					200694671B27787700573CF9 = {
						CreatedOnToolsVersion = 6.3.2;
						TestTargetID = 200694521B27787700573CF9;
					};
				};
			};
			buildConfigurationList = 2006944E1B27787700573CF9 /* Build configuration list for PBXProject "SnapNotes" */;
			compatibilityVersion = "Xcode 3.2";
			developmentRegion = English;
			hasScannedForEncodings = 0;
			knownRegions = (
				en,
				Base,
			);
			mainGroup = 2006944A1B27787700573CF9;
			productRefGroup = 200694541B27787700573CF9 /* Products */;
			projectDirPath = "";
			projectRoot = "";
			targets = (
				200694521B27787700573CF9 /* SnapNotes */,
				200694671B27787700573CF9 /* SnapNotesTests */,
			);
		};
/* End PBXProject section */

/* Begin PBXResourcesBuildPhase section */
		200694511B27787700573CF9 /* Resources */ = {
			isa = PBXResourcesBuildPhase;
			buildActionMask = 2147483647;
			files = (
				2006945E1B27787700573CF9 /* Main.storyboard in Resources */,
				200694631B27787700573CF9 /* LaunchScreen.xib in Resources */,
				2006947B1B28931F00573CF9 /* settings.json in Resources */,
				200694601B27787700573CF9 /* Images.xcassets in Resources */,
			);
			runOnlyForDeploymentPostprocessing = 0;
		};
		200694661B27787700573CF9 /* Resources */ = {
			isa = PBXResourcesBuildPhase;
			buildActionMask = 2147483647;
			files = (
				2006947C1B28931F00573CF9 /* settings.json in Resources */,
			);
			runOnlyForDeploymentPostprocessing = 0;
		};
/* End PBXResourcesBuildPhase section */

/* Begin PBXShellScriptBuildPhase section */
		09D592960526B4727EB966F8 /* Copy Pods Resources */ = {
			isa = PBXShellScriptBuildPhase;
			buildActionMask = 2147483647;
			files = (
			);
			inputPaths = (
			);
			name = "Copy Pods Resources";
			outputPaths = (
			);
			runOnlyForDeploymentPostprocessing = 0;
			shellPath = /bin/sh;
			shellScript = "\"${SRCROOT}/Pods/Target Support Files/Pods-SnapNotesTests/Pods-SnapNotesTests-resources.sh\"\n";
			showEnvVarsInLog = 0;
		};
		9FA86FC27460266BA060C07D /* Check Pods Manifest.lock */ = {
			isa = PBXShellScriptBuildPhase;
			buildActionMask = 2147483647;
			files = (
			);
			inputPaths = (
			);
			name = "Check Pods Manifest.lock";
			outputPaths = (
			);
			runOnlyForDeploymentPostprocessing = 0;
			shellPath = /bin/sh;
			shellScript = "diff \"${PODS_ROOT}/../Podfile.lock\" \"${PODS_ROOT}/Manifest.lock\" > /dev/null\nif [[ $? != 0 ]] ; then\n    cat << EOM\nerror: The sandbox is not in sync with the Podfile.lock. Run 'pod install' or update your CocoaPods installation.\nEOM\n    exit 1\nfi\n";
			showEnvVarsInLog = 0;
		};
		D6198B5EA334495136BE9FD4 /* Check Pods Manifest.lock */ = {
			isa = PBXShellScriptBuildPhase;
			buildActionMask = 2147483647;
			files = (
			);
			inputPaths = (
			);
			name = "Check Pods Manifest.lock";
			outputPaths = (
			);
			runOnlyForDeploymentPostprocessing = 0;
			shellPath = /bin/sh;
			shellScript = "diff \"${PODS_ROOT}/../Podfile.lock\" \"${PODS_ROOT}/Manifest.lock\" > /dev/null\nif [[ $? != 0 ]] ; then\n    cat << EOM\nerror: The sandbox is not in sync with the Podfile.lock. Run 'pod install' or update your CocoaPods installation.\nEOM\n    exit 1\nfi\n";
			showEnvVarsInLog = 0;
		};
		E383CCBF0FE91CBB5D0FE246 /* Copy Pods Resources */ = {
			isa = PBXShellScriptBuildPhase;
			buildActionMask = 2147483647;
			files = (
			);
			inputPaths = (
			);
			name = "Copy Pods Resources";
			outputPaths = (
			);
			runOnlyForDeploymentPostprocessing = 0;
			shellPath = /bin/sh;
			shellScript = "\"${SRCROOT}/Pods/Target Support Files/Pods-SnapNotes/Pods-SnapNotes-resources.sh\"\n";
			showEnvVarsInLog = 0;
		};
/* End PBXShellScriptBuildPhase section */

/* Begin PBXSourcesBuildPhase section */
		2006944F1B27787700573CF9 /* Sources */ = {
			isa = PBXSourcesBuildPhase;
			buildActionMask = 2147483647;
			files = (
				20173CA71B41FA1200E9348A /* MainViewController.swift in Sources */,
				20EF56F01B4616ED000CBE0C /* SettingsTableViewController.swift in Sources */,
				2006947E1B28939C00573CF9 /* SwiftyJSON.swift in Sources */,
				20173CAD1B4205EB00E9348A /* CategoryNameCollectionViewCell.swift in Sources */,
				20173CA91B41FAC500E9348A /* CameraViewController.swift in Sources */,
				200694841B289C8100573CF9 /* SnapNotesManager.swift in Sources */,
				20173CAB1B42057200E9348A /* CategoryNamesCollectionViewController.swift in Sources */,
				200694591B27787700573CF9 /* AppDelegate.swift in Sources */,
			);
			runOnlyForDeploymentPostprocessing = 0;
		};
		200694641B27787700573CF9 /* Sources */ = {
			isa = PBXSourcesBuildPhase;
			buildActionMask = 2147483647;
			files = (
				2006946F1B27787700573CF9 /* SnapNotesTests.swift in Sources */,
				2006947F1B28939C00573CF9 /* SwiftyJSON.swift in Sources */,
				200694851B289C8100573CF9 /* SnapNotesManager.swift in Sources */,
			);
			runOnlyForDeploymentPostprocessing = 0;
		};
/* End PBXSourcesBuildPhase section */

/* Begin PBXTargetDependency section */
		2006946A1B27787700573CF9 /* PBXTargetDependency */ = {
			isa = PBXTargetDependency;
			target = 200694521B27787700573CF9 /* SnapNotes */;
			targetProxy = 200694691B27787700573CF9 /* PBXContainerItemProxy */;
		};
/* End PBXTargetDependency section */

/* Begin PBXVariantGroup section */
		2006945C1B27787700573CF9 /* Main.storyboard */ = {
			isa = PBXVariantGroup;
			children = (
				2006945D1B27787700573CF9 /* Base */,
			);
			name = Main.storyboard;
			sourceTree = "<group>";
		};
		200694611B27787700573CF9 /* LaunchScreen.xib */ = {
			isa = PBXVariantGroup;
			children = (
				200694621B27787700573CF9 /* Base */,
			);
			name = LaunchScreen.xib;
			sourceTree = "<group>";
		};
/* End PBXVariantGroup section */

/* Begin XCBuildConfiguration section */
		200694701B27787700573CF9 /* Debug */ = {
			isa = XCBuildConfiguration;
			buildSettings = {
				ALWAYS_SEARCH_USER_PATHS = NO;
				CLANG_CXX_LANGUAGE_STANDARD = "gnu++0x";
				CLANG_CXX_LIBRARY = "libc++";
				CLANG_ENABLE_MODULES = YES;
				CLANG_ENABLE_OBJC_ARC = YES;
				CLANG_WARN_BOOL_CONVERSION = YES;
				CLANG_WARN_CONSTANT_CONVERSION = YES;
				CLANG_WARN_DIRECT_OBJC_ISA_USAGE = YES_ERROR;
				CLANG_WARN_EMPTY_BODY = YES;
				CLANG_WARN_ENUM_CONVERSION = YES;
				CLANG_WARN_INT_CONVERSION = YES;
				CLANG_WARN_OBJC_ROOT_CLASS = YES_ERROR;
				CLANG_WARN_UNREACHABLE_CODE = YES;
				CLANG_WARN__DUPLICATE_METHOD_MATCH = YES;
				"CODE_SIGN_IDENTITY[sdk=iphoneos*]" = "iPhone Developer";
				COPY_PHASE_STRIP = NO;
				DEBUG_INFORMATION_FORMAT = "dwarf-with-dsym";
				ENABLE_STRICT_OBJC_MSGSEND = YES;
				GCC_C_LANGUAGE_STANDARD = gnu99;
				GCC_DYNAMIC_NO_PIC = NO;
				GCC_NO_COMMON_BLOCKS = YES;
				GCC_OPTIMIZATION_LEVEL = 0;
				GCC_PREPROCESSOR_DEFINITIONS = (
					"DEBUG=1",
					"$(inherited)",
				);
				GCC_SYMBOLS_PRIVATE_EXTERN = NO;
				GCC_WARN_64_TO_32_BIT_CONVERSION = YES;
				GCC_WARN_ABOUT_RETURN_TYPE = YES_ERROR;
				GCC_WARN_UNDECLARED_SELECTOR = YES;
				GCC_WARN_UNINITIALIZED_AUTOS = YES_AGGRESSIVE;
				GCC_WARN_UNUSED_FUNCTION = YES;
				GCC_WARN_UNUSED_VARIABLE = YES;
				IPHONEOS_DEPLOYMENT_TARGET = 8.3;
				MTL_ENABLE_DEBUG_INFO = YES;
				ONLY_ACTIVE_ARCH = YES;
				SDKROOT = iphoneos;
				SWIFT_OPTIMIZATION_LEVEL = "-Onone";
				TARGETED_DEVICE_FAMILY = "1,2";
			};
			name = Debug;
		};
		200694711B27787700573CF9 /* Release */ = {
			isa = XCBuildConfiguration;
			buildSettings = {
				ALWAYS_SEARCH_USER_PATHS = NO;
				CLANG_CXX_LANGUAGE_STANDARD = "gnu++0x";
				CLANG_CXX_LIBRARY = "libc++";
				CLANG_ENABLE_MODULES = YES;
				CLANG_ENABLE_OBJC_ARC = YES;
				CLANG_WARN_BOOL_CONVERSION = YES;
				CLANG_WARN_CONSTANT_CONVERSION = YES;
				CLANG_WARN_DIRECT_OBJC_ISA_USAGE = YES_ERROR;
				CLANG_WARN_EMPTY_BODY = YES;
				CLANG_WARN_ENUM_CONVERSION = YES;
				CLANG_WARN_INT_CONVERSION = YES;
				CLANG_WARN_OBJC_ROOT_CLASS = YES_ERROR;
				CLANG_WARN_UNREACHABLE_CODE = YES;
				CLANG_WARN__DUPLICATE_METHOD_MATCH = YES;
				"CODE_SIGN_IDENTITY[sdk=iphoneos*]" = "iPhone Developer";
				COPY_PHASE_STRIP = NO;
				DEBUG_INFORMATION_FORMAT = "dwarf-with-dsym";
				ENABLE_NS_ASSERTIONS = NO;
				ENABLE_STRICT_OBJC_MSGSEND = YES;
				GCC_C_LANGUAGE_STANDARD = gnu99;
				GCC_NO_COMMON_BLOCKS = YES;
				GCC_WARN_64_TO_32_BIT_CONVERSION = YES;
				GCC_WARN_ABOUT_RETURN_TYPE = YES_ERROR;
				GCC_WARN_UNDECLARED_SELECTOR = YES;
				GCC_WARN_UNINITIALIZED_AUTOS = YES_AGGRESSIVE;
				GCC_WARN_UNUSED_FUNCTION = YES;
				GCC_WARN_UNUSED_VARIABLE = YES;
				IPHONEOS_DEPLOYMENT_TARGET = 8.3;
				MTL_ENABLE_DEBUG_INFO = NO;
				SDKROOT = iphoneos;
				TARGETED_DEVICE_FAMILY = "1,2";
				VALIDATE_PRODUCT = YES;
			};
			name = Release;
		};
		200694731B27787700573CF9 /* Debug */ = {
			isa = XCBuildConfiguration;
			baseConfigurationReference = 04B90E2A73D7C4E002FD2531 /* Pods-SnapNotes.debug.xcconfig */;
			buildSettings = {
				ASSETCATALOG_COMPILER_APPICON_NAME = AppIcon;
				CLANG_ENABLE_MODULES = YES;
				CODE_SIGN_IDENTITY = "iPhone Developer";
				"CODE_SIGN_IDENTITY[sdk=iphoneos*]" = "iPhone Developer";
				INFOPLIST_FILE = SnapNotes/Info.plist;
				LD_RUNPATH_SEARCH_PATHS = "$(inherited) @executable_path/Frameworks";
				PRODUCT_NAME = "$(TARGET_NAME)";
				PROVISIONING_PROFILE = "";
				SWIFT_OBJC_BRIDGING_HEADER = "SnapNotes/SnapNotes-Bridging-Header.h";
				SWIFT_OPTIMIZATION_LEVEL = "-Onone";
				TARGETED_DEVICE_FAMILY = 1;
			};
			name = Debug;
		};
		200694741B27787700573CF9 /* Release */ = {
			isa = XCBuildConfiguration;
			baseConfigurationReference = ABEE7851CE70B3444F91FFFD /* Pods-SnapNotes.release.xcconfig */;
			buildSettings = {
				ASSETCATALOG_COMPILER_APPICON_NAME = AppIcon;
				CLANG_ENABLE_MODULES = YES;
				CODE_SIGN_IDENTITY = "iPhone Developer";
				"CODE_SIGN_IDENTITY[sdk=iphoneos*]" = "iPhone Developer";
				INFOPLIST_FILE = SnapNotes/Info.plist;
				LD_RUNPATH_SEARCH_PATHS = "$(inherited) @executable_path/Frameworks";
				PRODUCT_NAME = "$(TARGET_NAME)";
				PROVISIONING_PROFILE = "";
				SWIFT_OBJC_BRIDGING_HEADER = "SnapNotes/SnapNotes-Bridging-Header.h";
				TARGETED_DEVICE_FAMILY = 1;
			};
			name = Release;
		};
		200694761B27787700573CF9 /* Debug */ = {
			isa = XCBuildConfiguration;
			baseConfigurationReference = 75D5499CA7266A973FA624C6 /* Pods-SnapNotesTests.debug.xcconfig */;
			buildSettings = {
				BUNDLE_LOADER = "$(TEST_HOST)";
				FRAMEWORK_SEARCH_PATHS = (
					"$(SDKROOT)/Developer/Library/Frameworks",
					"$(inherited)",
				);
				GCC_PREPROCESSOR_DEFINITIONS = (
					"DEBUG=1",
					"$(inherited)",
				);
				INFOPLIST_FILE = SnapNotesTests/Info.plist;
				LD_RUNPATH_SEARCH_PATHS = "$(inherited) @executable_path/Frameworks @loader_path/Frameworks";
				PRODUCT_NAME = "$(TARGET_NAME)";
				TEST_HOST = "$(BUILT_PRODUCTS_DIR)/SnapNotes.app/SnapNotes";
			};
			name = Debug;
		};
		200694771B27787700573CF9 /* Release */ = {
			isa = XCBuildConfiguration;
			baseConfigurationReference = B76E5E4FD057D5BAD4C09336 /* Pods-SnapNotesTests.release.xcconfig */;
			buildSettings = {
				BUNDLE_LOADER = "$(TEST_HOST)";
				FRAMEWORK_SEARCH_PATHS = (
					"$(SDKROOT)/Developer/Library/Frameworks",
					"$(inherited)",
				);
				INFOPLIST_FILE = SnapNotesTests/Info.plist;
				LD_RUNPATH_SEARCH_PATHS = "$(inherited) @executable_path/Frameworks @loader_path/Frameworks";
				PRODUCT_NAME = "$(TARGET_NAME)";
				TEST_HOST = "$(BUILT_PRODUCTS_DIR)/SnapNotes.app/SnapNotes";
			};
			name = Release;
		};
/* End XCBuildConfiguration section */

/* Begin XCConfigurationList section */
		2006944E1B27787700573CF9 /* Build configuration list for PBXProject "SnapNotes" */ = {
			isa = XCConfigurationList;
			buildConfigurations = (
				200694701B27787700573CF9 /* Debug */,
				200694711B27787700573CF9 /* Release */,
			);
			defaultConfigurationIsVisible = 0;
			defaultConfigurationName = Release;
		};
		200694721B27787700573CF9 /* Build configuration list for PBXNativeTarget "SnapNotes" */ = {
			isa = XCConfigurationList;
			buildConfigurations = (
				200694731B27787700573CF9 /* Debug */,
				200694741B27787700573CF9 /* Release */,
			);
			defaultConfigurationIsVisible = 0;
			defaultConfigurationName = Release;
		};
		200694751B27787700573CF9 /* Build configuration list for PBXNativeTarget "SnapNotesTests" */ = {
			isa = XCConfigurationList;
			buildConfigurations = (
				200694761B27787700573CF9 /* Debug */,
				200694771B27787700573CF9 /* Release */,
			);
			defaultConfigurationIsVisible = 0;
			defaultConfigurationName = Release;
		};
/* End XCConfigurationList section */
	};
	rootObject = 2006944B1B27787700573CF9 /* Project object */;
}
